
Microsoft Visual Studio Solution File, Format Version 12.00
# Visual Studio Version 17
VisualStudioVersion = 17.10.34928.147
MinimumVisualStudioVersion = 10.0.40219.1
Project("{FAE04EC0-301F-11D3-BF4B-00C04F79EFBC}") = "CSharp_MDI", "CSharp_MDI.csproj", "{637EBDB6-C5E2-4114-BB12-A26AA8C1A5C1}"
EndProject
Global
	GlobalSection(SolutionConfigurationPlatforms) = preSolution
		Debug|Any CPU = Debug|Any CPU
		Release|Any CPU = Release|Any CPU
	EndGlobalSection
	GlobalSection(ProjectConfigurationPlatforms) = postSolution
		{637EBDB6-C5E2-4114-BB12-A26AA8C1A5C1}.Debug|Any CPU.ActiveCfg = Debug|Any CPU
		{637EBDB6-C5E2-4114-BB12-A26AA8C1A5C1}.Debug|Any CPU.Build.0 = Debug|Any CPU
		{637EBDB6-C5E2-4114-BB12-A26AA8C1A5C1}.Release|Any CPU.ActiveCfg = Release|Any CPU
		{637EBDB6-C5E2-4114-BB12-A26AA8C1A5C1}.Release|Any CPU.Build.0 = Release|Any CPU
	EndGlobalSection
	GlobalSection(SolutionProperties) = preSolution
		HideSolutionNode = FALSE
	EndGlobalSection
	GlobalSection(ExtensibilityGlobals) = postSolution
		SolutionGuid = {B582D768-F17F-4A4B-8B06-88A5722F72E0}
	EndGlobalSection
EndGlobal
